
Microsoft Visual Studio Solution File, Format Version 12.00
# Visual Studio Version 17
VisualStudioVersion = 17.3.32825.248
MinimumVisualStudioVersion = 10.0.40219.1
Project("{8BC9CEB8-8B4A-11D0-8D11-00A0C91BC942}") = "BOJ_10984", "BOJ_10984.vcxproj", "{56373B49-1D54-465B-AD9B-73C5B3178346}"
EndProject
Global
	GlobalSection(SolutionConfigurationPlatforms) = preSolution
		Debug|x64 = Debug|x64
		Release|x64 = Release|x64
	EndGlobalSection
	GlobalSection(ProjectConfigurationPlatforms) = postSolution
		{56373B49-1D54-465B-AD9B-73C5B3178346}.Debug|x64.ActiveCfg = Debug|x64
		{56373B49-1D54-465B-AD9B-73C5B3178346}.Debug|x64.Build.0 = Debug|x64
		{56373B49-1D54-465B-AD9B-73C5B3178346}.Release|x64.ActiveCfg = Release|x64
		{56373B49-1D54-465B-AD9B-73C5B3178346}.Release|x64.Build.0 = Release|x64
	EndGlobalSection
	GlobalSection(SolutionProperties) = preSolution
		HideSolutionNode = FALSE
	EndGlobalSection
	GlobalSection(ExtensibilityGlobals) = postSolution
		SolutionGuid = {65B6A4BA-0666-4FAD-80F7-4BFEB090F370}
	EndGlobalSection
EndGlobal
